
Microsoft Visual Studio Solution File, Format Version 12.00
Project("{FAE04EC0-301F-11D3-BF4B-00C04F79EFBC}") = "Domain", "Domain\Domain.csproj", "{C7C0F7B6-DBAA-42DB-8B1D-904E97488509}"
EndProject
Project("{FAE04EC0-301F-11D3-BF4B-00C04F79EFBC}") = "Application", "Application\Application.csproj", "{8115587E-083E-4A53-A942-043BFCF21483}"
EndProject
Project("{FAE04EC0-301F-11D3-BF4B-00C04F79EFBC}") = "Infrastructure", "Infrastructure\Infrastructure.csproj", "{95C0D4AC-D8DD-4C8D-A079-24B6F8553D44}"
EndProject
Project("{FAE04EC0-301F-11D3-BF4B-00C04F79EFBC}") = "Utility", "Utility\Utility.csproj", "{053198A2-D750-419A-A646-8328DF08A564}"
EndProject
Project("{FAE04EC0-301F-11D3-BF4B-00C04F79EFBC}") = "API", "API\API.csproj", "{672BED72-8EB3-4504-B55F-1F3F0CDF065A}"
EndProject
Project("{FAE04EC0-301F-11D3-BF4B-00C04F79EFBC}") = "ProductWorker", "ProductWorker\ProductWorker.csproj", "{0CE4D126-30DA-460D-B784-2FC805771AFE}"
EndProject
Project("{FAE04EC0-301F-11D3-BF4B-00C04F79EFBC}") = "CustomerWorker", "CustomerWorker\CustomerWorker.csproj", "{FC328236-61DE-4769-969B-0CAE4C25937E}"
EndProject
Project("{FAE04EC0-301F-11D3-BF4B-00C04F79EFBC}") = "S3Webhook", "S3Webhook\src\S3Webhook\S3Webhook.csproj", "{F2FBE678-AA9E-484F-89ED-BEBDFCBC342F}"
EndProject
Project("{FAE04EC0-301F-11D3-BF4B-00C04F79EFBC}") = "OrderWorker", "OrderWorker\OrderWorker.csproj", "{2085E27F-4569-4762-BA25-971FDF1A1A63}"
EndProject
Project("{FAE04EC0-301F-11D3-BF4B-00C04F79EFBC}") = "BrandWorker", "BrandWorker\BrandWorker.csproj", "{42869515-FA2B-4D53-9FB5-1CDADBF1D823}"
EndProject
Project("{2150E333-8FDC-42A3-9474-1A3956D46DE8}") = "ApiGateways", "ApiGateways", "{12606C87-5942-45A1-B39B-124B87D7B292}"
EndProject
Project("{FAE04EC0-301F-11D3-BF4B-00C04F79EFBC}") = "YarpAPIGateways", "YarpAPIGateways\YarpAPIGateways.csproj", "{9FB53EB9-EC3C-4DF1-966E-2A92597A9F33}"
EndProject
Project("{2150E333-8FDC-42A3-9474-1A3956D46DE8}") = "Services", "Services", "{E5FFB956-C394-4281-8962-A08925BEDFB3}"
EndProject
Project("{2150E333-8FDC-42A3-9474-1A3956D46DE8}") = "Product", "Product", "{44647F88-CFCC-4FF1-9401-56A1374D52F7}"
EndProject
Project("{2150E333-8FDC-42A3-9474-1A3956D46DE8}") = "Brand", "Brand", "{B99AA15F-4A61-4ABD-9D59-4008D0DCD61D}"
EndProject
Project("{2150E333-8FDC-42A3-9474-1A3956D46DE8}") = "Order", "Order", "{284A4198-0F49-4DDF-A622-F8EF26415FDF}"
EndProject
Project("{2150E333-8FDC-42A3-9474-1A3956D46DE8}") = "Customer", "Customer", "{6971D11F-55AB-4B85-BFE8-03ACE5CFC790}"
EndProject
Project("{FAE04EC0-301F-11D3-BF4B-00C04F79EFBC}") = "Brand.API", "Brand.API\Brand.API.csproj", "{30405E5B-4105-4ABA-9F05-A9BD0D6B3FC3}"
EndProject
Project("{FAE04EC0-301F-11D3-BF4B-00C04F79EFBC}") = "Customer.API", "Customer.API\Customer.API.csproj", "{E7D5330C-9595-4E8A-8BEC-76636F0E6759}"
EndProject
Project("{FAE04EC0-301F-11D3-BF4B-00C04F79EFBC}") = "Order.API", "Order.API\Order.API.csproj", "{B4610E8D-D675-4B08-A21F-B965C0299918}"
EndProject
Project("{FAE04EC0-301F-11D3-BF4B-00C04F79EFBC}") = "Product.API", "Product.API\Product.API.csproj", "{07F96026-1AA6-4DE3-83D8-C7B53DC3DDCD}"
EndProject
Project("{2150E333-8FDC-42A3-9474-1A3956D46DE8}") = "SharedKernel", "SharedKernel", "{C85269A1-2CC7-4E32-A09A-32FE0BB88425}"
EndProject
Project("{FAE04EC0-301F-11D3-BF4B-00C04F79EFBC}") = "SharedKernel", "SharedKernel\SharedKernel.csproj", "{B9CA09C6-B434-49CB-B468-80F1FCF695E5}"
EndProject
Project("{FAE04EC0-301F-11D3-BF4B-00C04F79EFBC}") = "SharedKernel.Messaging", "SharedKernel.Messaging\SharedKernel.Messaging.csproj", "{5AD341D6-4AB9-46FD-AE74-C89F71B7E606}"
EndProject
Project("{FAE04EC0-301F-11D3-BF4B-00C04F79EFBC}") = "Order.Domain", "Order.Domain\Order.Domain.csproj", "{4D1F3B33-F62D-4F58-96D9-C0F84E9DB33F}"
EndProject
Project("{FAE04EC0-301F-11D3-BF4B-00C04F79EFBC}") = "Order.Infrastructure", "Order.Infrastructure\Order.Infrastructure.csproj", "{B3578597-3F5C-4BE1-BAB7-5DBB3731D0C5}"
EndProject
Project("{FAE04EC0-301F-11D3-BF4B-00C04F79EFBC}") = "Order.Application", "Order.Application\Order.Application.csproj", "{74B1F5CE-9EB1-4E67-98D7-1A854B723049}"
EndProject
Project("{FAE04EC0-301F-11D3-BF4B-00C04F79EFBC}") = "Customer.Domain", "Customer.Domain\Customer.Domain.csproj", "{2ED05350-40E7-448E-AE76-CBFA754B98B0}"
EndProject
Project("{FAE04EC0-301F-11D3-BF4B-00C04F79EFBC}") = "Customer.Application", "Customer.Application\Customer.Application.csproj", "{5922D89E-8F52-4872-B252-87F8EB0AF7D5}"
EndProject
Project("{FAE04EC0-301F-11D3-BF4B-00C04F79EFBC}") = "Customer.Infrastructure", "Customer.Infrastructure\Customer.Infrastructure.csproj", "{249C95FD-608D-4470-975F-5FEF867EC3A1}"
EndProject
Project("{FAE04EC0-301F-11D3-BF4B-00C04F79EFBC}") = "Brand.Domain", "Brand.Domain\Brand.Domain.csproj", "{1FD93380-10F7-4714-B622-1D4DE1F08109}"
EndProject
Project("{FAE04EC0-301F-11D3-BF4B-00C04F79EFBC}") = "Brand.Application", "Brand.Application\Brand.Application.csproj", "{855EBFE2-385A-4042-9CCF-925F624C6C28}"
EndProject
Project("{FAE04EC0-301F-11D3-BF4B-00C04F79EFBC}") = "Brand.Infrastructure", "Brand.Infrastructure\Brand.Infrastructure.csproj", "{D56BDD0B-4784-44F4-ADF1-ACF96E20FFBF}"
EndProject
Project("{FAE04EC0-301F-11D3-BF4B-00C04F79EFBC}") = "Product.Domain", "Product.Domain\Product.Domain.csproj", "{158722E3-6D94-4E57-8A30-7735A0606B82}"
EndProject
Project("{FAE04EC0-301F-11D3-BF4B-00C04F79EFBC}") = "Product.Infrastructure", "Product.Infrastructure\Product.Infrastructure.csproj", "{A1D574AC-0C64-4C73-9F4F-F351891E51C1}"
EndProject
Project("{FAE04EC0-301F-11D3-BF4B-00C04F79EFBC}") = "Product.Application", "Product.Application\Product.Application.csproj", "{75265838-07C4-4A4D-9158-52A73F055AB4}"
EndProject
Global
	GlobalSection(SolutionConfigurationPlatforms) = preSolution
		Debug|Any CPU = Debug|Any CPU
		Release|Any CPU = Release|Any CPU
	EndGlobalSection
	GlobalSection(ProjectConfigurationPlatforms) = postSolution
		{C7C0F7B6-DBAA-42DB-8B1D-904E97488509}.Debug|Any CPU.ActiveCfg = Debug|Any CPU
		{C7C0F7B6-DBAA-42DB-8B1D-904E97488509}.Debug|Any CPU.Build.0 = Debug|Any CPU
		{C7C0F7B6-DBAA-42DB-8B1D-904E97488509}.Release|Any CPU.ActiveCfg = Release|Any CPU
		{C7C0F7B6-DBAA-42DB-8B1D-904E97488509}.Release|Any CPU.Build.0 = Release|Any CPU
		{8115587E-083E-4A53-A942-043BFCF21483}.Debug|Any CPU.ActiveCfg = Debug|Any CPU
		{8115587E-083E-4A53-A942-043BFCF21483}.Debug|Any CPU.Build.0 = Debug|Any CPU
		{8115587E-083E-4A53-A942-043BFCF21483}.Release|Any CPU.ActiveCfg = Release|Any CPU
		{8115587E-083E-4A53-A942-043BFCF21483}.Release|Any CPU.Build.0 = Release|Any CPU
		{95C0D4AC-D8DD-4C8D-A079-24B6F8553D44}.Debug|Any CPU.ActiveCfg = Debug|Any CPU
		{95C0D4AC-D8DD-4C8D-A079-24B6F8553D44}.Debug|Any CPU.Build.0 = Debug|Any CPU
		{95C0D4AC-D8DD-4C8D-A079-24B6F8553D44}.Release|Any CPU.ActiveCfg = Release|Any CPU
		{95C0D4AC-D8DD-4C8D-A079-24B6F8553D44}.Release|Any CPU.Build.0 = Release|Any CPU
		{053198A2-D750-419A-A646-8328DF08A564}.Debug|Any CPU.ActiveCfg = Debug|Any CPU
		{053198A2-D750-419A-A646-8328DF08A564}.Debug|Any CPU.Build.0 = Debug|Any CPU
		{053198A2-D750-419A-A646-8328DF08A564}.Release|Any CPU.ActiveCfg = Release|Any CPU
		{053198A2-D750-419A-A646-8328DF08A564}.Release|Any CPU.Build.0 = Release|Any CPU
		{672BED72-8EB3-4504-B55F-1F3F0CDF065A}.Debug|Any CPU.ActiveCfg = Debug|Any CPU
		{672BED72-8EB3-4504-B55F-1F3F0CDF065A}.Debug|Any CPU.Build.0 = Debug|Any CPU
		{672BED72-8EB3-4504-B55F-1F3F0CDF065A}.Release|Any CPU.ActiveCfg = Release|Any CPU
		{672BED72-8EB3-4504-B55F-1F3F0CDF065A}.Release|Any CPU.Build.0 = Release|Any CPU
		{0CE4D126-30DA-460D-B784-2FC805771AFE}.Debug|Any CPU.ActiveCfg = Debug|Any CPU
		{0CE4D126-30DA-460D-B784-2FC805771AFE}.Debug|Any CPU.Build.0 = Debug|Any CPU
		{0CE4D126-30DA-460D-B784-2FC805771AFE}.Release|Any CPU.ActiveCfg = Release|Any CPU
		{0CE4D126-30DA-460D-B784-2FC805771AFE}.Release|Any CPU.Build.0 = Release|Any CPU
		{FC328236-61DE-4769-969B-0CAE4C25937E}.Debug|Any CPU.ActiveCfg = Debug|Any CPU
		{FC328236-61DE-4769-969B-0CAE4C25937E}.Debug|Any CPU.Build.0 = Debug|Any CPU
		{FC328236-61DE-4769-969B-0CAE4C25937E}.Release|Any CPU.ActiveCfg = Release|Any CPU
		{FC328236-61DE-4769-969B-0CAE4C25937E}.Release|Any CPU.Build.0 = Release|Any CPU
		{F2FBE678-AA9E-484F-89ED-BEBDFCBC342F}.Debug|Any CPU.ActiveCfg = Debug|Any CPU
		{F2FBE678-AA9E-484F-89ED-BEBDFCBC342F}.Debug|Any CPU.Build.0 = Debug|Any CPU
		{F2FBE678-AA9E-484F-89ED-BEBDFCBC342F}.Release|Any CPU.ActiveCfg = Release|Any CPU
		{F2FBE678-AA9E-484F-89ED-BEBDFCBC342F}.Release|Any CPU.Build.0 = Release|Any CPU
		{2085E27F-4569-4762-BA25-971FDF1A1A63}.Debug|Any CPU.ActiveCfg = Debug|Any CPU
		{2085E27F-4569-4762-BA25-971FDF1A1A63}.Debug|Any CPU.Build.0 = Debug|Any CPU
		{2085E27F-4569-4762-BA25-971FDF1A1A63}.Release|Any CPU.ActiveCfg = Release|Any CPU
		{2085E27F-4569-4762-BA25-971FDF1A1A63}.Release|Any CPU.Build.0 = Release|Any CPU
		{42869515-FA2B-4D53-9FB5-1CDADBF1D823}.Debug|Any CPU.ActiveCfg = Debug|Any CPU
		{42869515-FA2B-4D53-9FB5-1CDADBF1D823}.Debug|Any CPU.Build.0 = Debug|Any CPU
		{42869515-FA2B-4D53-9FB5-1CDADBF1D823}.Release|Any CPU.ActiveCfg = Release|Any CPU
		{42869515-FA2B-4D53-9FB5-1CDADBF1D823}.Release|Any CPU.Build.0 = Release|Any CPU
		{9FB53EB9-EC3C-4DF1-966E-2A92597A9F33}.Debug|Any CPU.ActiveCfg = Debug|Any CPU
		{9FB53EB9-EC3C-4DF1-966E-2A92597A9F33}.Debug|Any CPU.Build.0 = Debug|Any CPU
		{9FB53EB9-EC3C-4DF1-966E-2A92597A9F33}.Release|Any CPU.ActiveCfg = Release|Any CPU
		{9FB53EB9-EC3C-4DF1-966E-2A92597A9F33}.Release|Any CPU.Build.0 = Release|Any CPU
		{30405E5B-4105-4ABA-9F05-A9BD0D6B3FC3}.Debug|Any CPU.ActiveCfg = Debug|Any CPU
		{30405E5B-4105-4ABA-9F05-A9BD0D6B3FC3}.Debug|Any CPU.Build.0 = Debug|Any CPU
		{30405E5B-4105-4ABA-9F05-A9BD0D6B3FC3}.Release|Any CPU.ActiveCfg = Release|Any CPU
		{30405E5B-4105-4ABA-9F05-A9BD0D6B3FC3}.Release|Any CPU.Build.0 = Release|Any CPU
		{E7D5330C-9595-4E8A-8BEC-76636F0E6759}.Debug|Any CPU.ActiveCfg = Debug|Any CPU
		{E7D5330C-9595-4E8A-8BEC-76636F0E6759}.Debug|Any CPU.Build.0 = Debug|Any CPU
		{E7D5330C-9595-4E8A-8BEC-76636F0E6759}.Release|Any CPU.ActiveCfg = Release|Any CPU
		{E7D5330C-9595-4E8A-8BEC-76636F0E6759}.Release|Any CPU.Build.0 = Release|Any CPU
		{B4610E8D-D675-4B08-A21F-B965C0299918}.Debug|Any CPU.ActiveCfg = Debug|Any CPU
		{B4610E8D-D675-4B08-A21F-B965C0299918}.Debug|Any CPU.Build.0 = Debug|Any CPU
		{B4610E8D-D675-4B08-A21F-B965C0299918}.Release|Any CPU.ActiveCfg = Release|Any CPU
		{B4610E8D-D675-4B08-A21F-B965C0299918}.Release|Any CPU.Build.0 = Release|Any CPU
		{07F96026-1AA6-4DE3-83D8-C7B53DC3DDCD}.Debug|Any CPU.ActiveCfg = Debug|Any CPU
		{07F96026-1AA6-4DE3-83D8-C7B53DC3DDCD}.Debug|Any CPU.Build.0 = Debug|Any CPU
		{07F96026-1AA6-4DE3-83D8-C7B53DC3DDCD}.Release|Any CPU.ActiveCfg = Release|Any CPU
		{07F96026-1AA6-4DE3-83D8-C7B53DC3DDCD}.Release|Any CPU.Build.0 = Release|Any CPU
		{B9CA09C6-B434-49CB-B468-80F1FCF695E5}.Debug|Any CPU.ActiveCfg = Debug|Any CPU
		{B9CA09C6-B434-49CB-B468-80F1FCF695E5}.Debug|Any CPU.Build.0 = Debug|Any CPU
		{B9CA09C6-B434-49CB-B468-80F1FCF695E5}.Release|Any CPU.ActiveCfg = Release|Any CPU
		{B9CA09C6-B434-49CB-B468-80F1FCF695E5}.Release|Any CPU.Build.0 = Release|Any CPU
		{5AD341D6-4AB9-46FD-AE74-C89F71B7E606}.Debug|Any CPU.ActiveCfg = Debug|Any CPU
		{5AD341D6-4AB9-46FD-AE74-C89F71B7E606}.Debug|Any CPU.Build.0 = Debug|Any CPU
		{5AD341D6-4AB9-46FD-AE74-C89F71B7E606}.Release|Any CPU.ActiveCfg = Release|Any CPU
		{5AD341D6-4AB9-46FD-AE74-C89F71B7E606}.Release|Any CPU.Build.0 = Release|Any CPU
		{4D1F3B33-F62D-4F58-96D9-C0F84E9DB33F}.Debug|Any CPU.ActiveCfg = Debug|Any CPU
		{4D1F3B33-F62D-4F58-96D9-C0F84E9DB33F}.Debug|Any CPU.Build.0 = Debug|Any CPU
		{4D1F3B33-F62D-4F58-96D9-C0F84E9DB33F}.Release|Any CPU.ActiveCfg = Release|Any CPU
		{4D1F3B33-F62D-4F58-96D9-C0F84E9DB33F}.Release|Any CPU.Build.0 = Release|Any CPU
		{B3578597-3F5C-4BE1-BAB7-5DBB3731D0C5}.Debug|Any CPU.ActiveCfg = Debug|Any CPU
		{B3578597-3F5C-4BE1-BAB7-5DBB3731D0C5}.Debug|Any CPU.Build.0 = Debug|Any CPU
		{B3578597-3F5C-4BE1-BAB7-5DBB3731D0C5}.Release|Any CPU.ActiveCfg = Release|Any CPU
		{B3578597-3F5C-4BE1-BAB7-5DBB3731D0C5}.Release|Any CPU.Build.0 = Release|Any CPU
		{74B1F5CE-9EB1-4E67-98D7-1A854B723049}.Debug|Any CPU.ActiveCfg = Debug|Any CPU
		{74B1F5CE-9EB1-4E67-98D7-1A854B723049}.Debug|Any CPU.Build.0 = Debug|Any CPU
		{74B1F5CE-9EB1-4E67-98D7-1A854B723049}.Release|Any CPU.ActiveCfg = Release|Any CPU
		{74B1F5CE-9EB1-4E67-98D7-1A854B723049}.Release|Any CPU.Build.0 = Release|Any CPU
		{2ED05350-40E7-448E-AE76-CBFA754B98B0}.Debug|Any CPU.ActiveCfg = Debug|Any CPU
		{2ED05350-40E7-448E-AE76-CBFA754B98B0}.Debug|Any CPU.Build.0 = Debug|Any CPU
		{2ED05350-40E7-448E-AE76-CBFA754B98B0}.Release|Any CPU.ActiveCfg = Release|Any CPU
		{2ED05350-40E7-448E-AE76-CBFA754B98B0}.Release|Any CPU.Build.0 = Release|Any CPU
		{5922D89E-8F52-4872-B252-87F8EB0AF7D5}.Debug|Any CPU.ActiveCfg = Debug|Any CPU
		{5922D89E-8F52-4872-B252-87F8EB0AF7D5}.Debug|Any CPU.Build.0 = Debug|Any CPU
		{5922D89E-8F52-4872-B252-87F8EB0AF7D5}.Release|Any CPU.ActiveCfg = Release|Any CPU
		{5922D89E-8F52-4872-B252-87F8EB0AF7D5}.Release|Any CPU.Build.0 = Release|Any CPU
		{249C95FD-608D-4470-975F-5FEF867EC3A1}.Debug|Any CPU.ActiveCfg = Debug|Any CPU
		{249C95FD-608D-4470-975F-5FEF867EC3A1}.Debug|Any CPU.Build.0 = Debug|Any CPU
		{249C95FD-608D-4470-975F-5FEF867EC3A1}.Release|Any CPU.ActiveCfg = Release|Any CPU
		{249C95FD-608D-4470-975F-5FEF867EC3A1}.Release|Any CPU.Build.0 = Release|Any CPU
		{1FD93380-10F7-4714-B622-1D4DE1F08109}.Debug|Any CPU.ActiveCfg = Debug|Any CPU
		{1FD93380-10F7-4714-B622-1D4DE1F08109}.Debug|Any CPU.Build.0 = Debug|Any CPU
		{1FD93380-10F7-4714-B622-1D4DE1F08109}.Release|Any CPU.ActiveCfg = Release|Any CPU
		{1FD93380-10F7-4714-B622-1D4DE1F08109}.Release|Any CPU.Build.0 = Release|Any CPU
		{855EBFE2-385A-4042-9CCF-925F624C6C28}.Debug|Any CPU.ActiveCfg = Debug|Any CPU
		{855EBFE2-385A-4042-9CCF-925F624C6C28}.Debug|Any CPU.Build.0 = Debug|Any CPU
		{855EBFE2-385A-4042-9CCF-925F624C6C28}.Release|Any CPU.ActiveCfg = Release|Any CPU
		{855EBFE2-385A-4042-9CCF-925F624C6C28}.Release|Any CPU.Build.0 = Release|Any CPU
		{D56BDD0B-4784-44F4-ADF1-ACF96E20FFBF}.Debug|Any CPU.ActiveCfg = Debug|Any CPU
		{D56BDD0B-4784-44F4-ADF1-ACF96E20FFBF}.Debug|Any CPU.Build.0 = Debug|Any CPU
		{D56BDD0B-4784-44F4-ADF1-ACF96E20FFBF}.Release|Any CPU.ActiveCfg = Release|Any CPU
		{D56BDD0B-4784-44F4-ADF1-ACF96E20FFBF}.Release|Any CPU.Build.0 = Release|Any CPU
		{158722E3-6D94-4E57-8A30-7735A0606B82}.Debug|Any CPU.ActiveCfg = Debug|Any CPU
		{158722E3-6D94-4E57-8A30-7735A0606B82}.Debug|Any CPU.Build.0 = Debug|Any CPU
		{158722E3-6D94-4E57-8A30-7735A0606B82}.Release|Any CPU.ActiveCfg = Release|Any CPU
		{158722E3-6D94-4E57-8A30-7735A0606B82}.Release|Any CPU.Build.0 = Release|Any CPU
		{A1D574AC-0C64-4C73-9F4F-F351891E51C1}.Debug|Any CPU.ActiveCfg = Debug|Any CPU
		{A1D574AC-0C64-4C73-9F4F-F351891E51C1}.Debug|Any CPU.Build.0 = Debug|Any CPU
		{A1D574AC-0C64-4C73-9F4F-F351891E51C1}.Release|Any CPU.ActiveCfg = Release|Any CPU
		{A1D574AC-0C64-4C73-9F4F-F351891E51C1}.Release|Any CPU.Build.0 = Release|Any CPU
		{75265838-07C4-4A4D-9158-52A73F055AB4}.Debug|Any CPU.ActiveCfg = Debug|Any CPU
		{75265838-07C4-4A4D-9158-52A73F055AB4}.Debug|Any CPU.Build.0 = Debug|Any CPU
		{75265838-07C4-4A4D-9158-52A73F055AB4}.Release|Any CPU.ActiveCfg = Release|Any CPU
		{75265838-07C4-4A4D-9158-52A73F055AB4}.Release|Any CPU.Build.0 = Release|Any CPU
	EndGlobalSection
	GlobalSection(NestedProjects) = preSolution
		{9FB53EB9-EC3C-4DF1-966E-2A92597A9F33} = {12606C87-5942-45A1-B39B-124B87D7B292}
		{44647F88-CFCC-4FF1-9401-56A1374D52F7} = {E5FFB956-C394-4281-8962-A08925BEDFB3}
		{B99AA15F-4A61-4ABD-9D59-4008D0DCD61D} = {E5FFB956-C394-4281-8962-A08925BEDFB3}
		{284A4198-0F49-4DDF-A622-F8EF26415FDF} = {E5FFB956-C394-4281-8962-A08925BEDFB3}
		{6971D11F-55AB-4B85-BFE8-03ACE5CFC790} = {E5FFB956-C394-4281-8962-A08925BEDFB3}
		{30405E5B-4105-4ABA-9F05-A9BD0D6B3FC3} = {B99AA15F-4A61-4ABD-9D59-4008D0DCD61D}
		{E7D5330C-9595-4E8A-8BEC-76636F0E6759} = {6971D11F-55AB-4B85-BFE8-03ACE5CFC790}
		{B4610E8D-D675-4B08-A21F-B965C0299918} = {284A4198-0F49-4DDF-A622-F8EF26415FDF}
		{07F96026-1AA6-4DE3-83D8-C7B53DC3DDCD} = {44647F88-CFCC-4FF1-9401-56A1374D52F7}
		{B9CA09C6-B434-49CB-B468-80F1FCF695E5} = {C85269A1-2CC7-4E32-A09A-32FE0BB88425}
		{5AD341D6-4AB9-46FD-AE74-C89F71B7E606} = {C85269A1-2CC7-4E32-A09A-32FE0BB88425}
		{4D1F3B33-F62D-4F58-96D9-C0F84E9DB33F} = {284A4198-0F49-4DDF-A622-F8EF26415FDF}
		{B3578597-3F5C-4BE1-BAB7-5DBB3731D0C5} = {284A4198-0F49-4DDF-A622-F8EF26415FDF}
		{74B1F5CE-9EB1-4E67-98D7-1A854B723049} = {284A4198-0F49-4DDF-A622-F8EF26415FDF}
		{2ED05350-40E7-448E-AE76-CBFA754B98B0} = {6971D11F-55AB-4B85-BFE8-03ACE5CFC790}
		{5922D89E-8F52-4872-B252-87F8EB0AF7D5} = {6971D11F-55AB-4B85-BFE8-03ACE5CFC790}
		{249C95FD-608D-4470-975F-5FEF867EC3A1} = {6971D11F-55AB-4B85-BFE8-03ACE5CFC790}
		{1FD93380-10F7-4714-B622-1D4DE1F08109} = {B99AA15F-4A61-4ABD-9D59-4008D0DCD61D}
		{855EBFE2-385A-4042-9CCF-925F624C6C28} = {B99AA15F-4A61-4ABD-9D59-4008D0DCD61D}
		{D56BDD0B-4784-44F4-ADF1-ACF96E20FFBF} = {B99AA15F-4A61-4ABD-9D59-4008D0DCD61D}
		{158722E3-6D94-4E57-8A30-7735A0606B82} = {44647F88-CFCC-4FF1-9401-56A1374D52F7}
		{A1D574AC-0C64-4C73-9F4F-F351891E51C1} = {44647F88-CFCC-4FF1-9401-56A1374D52F7}
		{75265838-07C4-4A4D-9158-52A73F055AB4} = {44647F88-CFCC-4FF1-9401-56A1374D52F7}
	EndGlobalSection
EndGlobal
