
Microsoft Visual Studio Solution File, Format Version 12.00
Project("{FAE04EC0-301F-11D3-BF4B-00C04F79EFBC}") = "Domain", "Domain\Domain.csproj", "{C7C0F7B6-DBAA-42DB-8B1D-904E97488509}"
EndProject
Project("{FAE04EC0-301F-11D3-BF4B-00C04F79EFBC}") = "Application", "Application\Application.csproj", "{8115587E-083E-4A53-A942-043BFCF21483}"
EndProject
Project("{FAE04EC0-301F-11D3-BF4B-00C04F79EFBC}") = "Infrastructure", "Infrastructure\Infrastructure.csproj", "{95C0D4AC-D8DD-4C8D-A079-24B6F8553D44}"
EndProject
Project("{FAE04EC0-301F-11D3-BF4B-00C04F79EFBC}") = "Utility", "Utility\Utility.csproj", "{053198A2-D750-419A-A646-8328DF08A564}"
EndProject
Project("{FAE04EC0-301F-11D3-BF4B-00C04F79EFBC}") = "API", "API\API.csproj", "{672BED72-8EB3-4504-B55F-1F3F0CDF065A}"
EndProject
Project("{FAE04EC0-301F-11D3-BF4B-00C04F79EFBC}") = "CustomerWorker", "CustomerWorker\CustomerWorker.csproj", "{FE8EFE62-2C56-44CD-BD17-602251C3424D}"
EndProject
Project("{FAE04EC0-301F-11D3-BF4B-00C04F79EFBC}") = "ProductWorker", "ProductWorker\ProductWorker.csproj", "{1A49A798-B8C0-43D8-907C-1E1B27ABDF77}"
EndProject
Global
	GlobalSection(SolutionConfigurationPlatforms) = preSolution
		Debug|Any CPU = Debug|Any CPU
		Release|Any CPU = Release|Any CPU
	EndGlobalSection
	GlobalSection(ProjectConfigurationPlatforms) = postSolution
		{C7C0F7B6-DBAA-42DB-8B1D-904E97488509}.Debug|Any CPU.ActiveCfg = Debug|Any CPU
		{C7C0F7B6-DBAA-42DB-8B1D-904E97488509}.Debug|Any CPU.Build.0 = Debug|Any CPU
		{C7C0F7B6-DBAA-42DB-8B1D-904E97488509}.Release|Any CPU.ActiveCfg = Release|Any CPU
		{C7C0F7B6-DBAA-42DB-8B1D-904E97488509}.Release|Any CPU.Build.0 = Release|Any CPU
		{8115587E-083E-4A53-A942-043BFCF21483}.Debug|Any CPU.ActiveCfg = Debug|Any CPU
		{8115587E-083E-4A53-A942-043BFCF21483}.Debug|Any CPU.Build.0 = Debug|Any CPU
		{8115587E-083E-4A53-A942-043BFCF21483}.Release|Any CPU.ActiveCfg = Release|Any CPU
		{8115587E-083E-4A53-A942-043BFCF21483}.Release|Any CPU.Build.0 = Release|Any CPU
		{95C0D4AC-D8DD-4C8D-A079-24B6F8553D44}.Debug|Any CPU.ActiveCfg = Debug|Any CPU
		{95C0D4AC-D8DD-4C8D-A079-24B6F8553D44}.Debug|Any CPU.Build.0 = Debug|Any CPU
		{95C0D4AC-D8DD-4C8D-A079-24B6F8553D44}.Release|Any CPU.ActiveCfg = Release|Any CPU
		{95C0D4AC-D8DD-4C8D-A079-24B6F8553D44}.Release|Any CPU.Build.0 = Release|Any CPU
		{053198A2-D750-419A-A646-8328DF08A564}.Debug|Any CPU.ActiveCfg = Debug|Any CPU
		{053198A2-D750-419A-A646-8328DF08A564}.Debug|Any CPU.Build.0 = Debug|Any CPU
		{053198A2-D750-419A-A646-8328DF08A564}.Release|Any CPU.ActiveCfg = Release|Any CPU
		{053198A2-D750-419A-A646-8328DF08A564}.Release|Any CPU.Build.0 = Release|Any CPU
		{672BED72-8EB3-4504-B55F-1F3F0CDF065A}.Debug|Any CPU.ActiveCfg = Debug|Any CPU
		{672BED72-8EB3-4504-B55F-1F3F0CDF065A}.Debug|Any CPU.Build.0 = Debug|Any CPU
		{672BED72-8EB3-4504-B55F-1F3F0CDF065A}.Release|Any CPU.ActiveCfg = Release|Any CPU
		{672BED72-8EB3-4504-B55F-1F3F0CDF065A}.Release|Any CPU.Build.0 = Release|Any CPU
		{FE8EFE62-2C56-44CD-BD17-602251C3424D}.Debug|Any CPU.ActiveCfg = Debug|Any CPU
		{FE8EFE62-2C56-44CD-BD17-602251C3424D}.Debug|Any CPU.Build.0 = Debug|Any CPU
		{FE8EFE62-2C56-44CD-BD17-602251C3424D}.Release|Any CPU.ActiveCfg = Release|Any CPU
		{FE8EFE62-2C56-44CD-BD17-602251C3424D}.Release|Any CPU.Build.0 = Release|Any CPU
		{1A49A798-B8C0-43D8-907C-1E1B27ABDF77}.Debug|Any CPU.ActiveCfg = Debug|Any CPU
		{1A49A798-B8C0-43D8-907C-1E1B27ABDF77}.Debug|Any CPU.Build.0 = Debug|Any CPU
		{1A49A798-B8C0-43D8-907C-1E1B27ABDF77}.Release|Any CPU.ActiveCfg = Release|Any CPU
		{1A49A798-B8C0-43D8-907C-1E1B27ABDF77}.Release|Any CPU.Build.0 = Release|Any CPU
	EndGlobalSection
EndGlobal
